# THIS IS AN AUTOGENERATED FILE. DO NOT EDIT THIS FILE DIRECTLY.
# yarn lockfile v1


nextjs@^0.0.3:
  version "0.0.3"
  resolved "https://registry.yarnpkg.com/nextjs/-/nextjs-0.0.3.tgz#4f4d1d6a257be920d9b9649d4d9522c724a4e543"
  integrity sha512-mYbDUo4/sRAZ8TqK63PCpYnFiLg7BICG/ot9+guOrUKd4/Fo71ZmEQ41IZbH6nqbQvG7SXTBuofJXAIWfNho0w==
